
Microsoft Visual Studio Solution File, Format Version 12.00
# Visual Studio Version 17
VisualStudioVersion = 17.5.002.0
MinimumVisualStudioVersion = 10.0.40219.1
Project("{9A19103F-16F7-4668-BE54-9A1E7A4F7556}") = "mvc-web-app", "mvc-web-app.csproj", "{0938D0D6-2E8B-4096-8A58-8236A17A358B}"
EndProject
Global
	GlobalSection(SolutionConfigurationPlatforms) = preSolution
		Debug|Any CPU = Debug|Any CPU
		Release|Any CPU = Release|Any CPU
	EndGlobalSection
	GlobalSection(ProjectConfigurationPlatforms) = postSolution
		{0938D0D6-2E8B-4096-8A58-8236A17A358B}.Debug|Any CPU.ActiveCfg = Debug|Any CPU
		{0938D0D6-2E8B-4096-8A58-8236A17A358B}.Debug|Any CPU.Build.0 = Debug|Any CPU
		{0938D0D6-2E8B-4096-8A58-8236A17A358B}.Release|Any CPU.ActiveCfg = Release|Any CPU
		{0938D0D6-2E8B-4096-8A58-8236A17A358B}.Release|Any CPU.Build.0 = Release|Any CPU
	EndGlobalSection
	GlobalSection(SolutionProperties) = preSolution
		HideSolutionNode = FALSE
	EndGlobalSection
	GlobalSection(ExtensibilityGlobals) = postSolution
		SolutionGuid = {C7560B02-F56F-4469-8C8F-775313A038D0}
	EndGlobalSection
EndGlobal
